
Microsoft Visual Studio Solution File, Format Version 12.00
# Visual Studio Version 17
VisualStudioVersion = 17.10.35013.160
MinimumVisualStudioVersion = 10.0.40219.1
Project("{9A19103F-16F7-4668-BE54-9A1E7A4F7556}") = "ProveeduriaVane", "ProveeduriaVane.csproj", "{CEC83692-A84C-438F-9B8A-FFB5B412AB8D}"
EndProject
Global
	GlobalSection(SolutionConfigurationPlatforms) = preSolution
		Debug|Any CPU = Debug|Any CPU
		Release|Any CPU = Release|Any CPU
	EndGlobalSection
	GlobalSection(ProjectConfigurationPlatforms) = postSolution
		{CEC83692-A84C-438F-9B8A-FFB5B412AB8D}.Debug|Any CPU.ActiveCfg = Debug|Any CPU
		{CEC83692-A84C-438F-9B8A-FFB5B412AB8D}.Debug|Any CPU.Build.0 = Debug|Any CPU
		{CEC83692-A84C-438F-9B8A-FFB5B412AB8D}.Release|Any CPU.ActiveCfg = Release|Any CPU
		{CEC83692-A84C-438F-9B8A-FFB5B412AB8D}.Release|Any CPU.Build.0 = Release|Any CPU
	EndGlobalSection
	GlobalSection(SolutionProperties) = preSolution
		HideSolutionNode = FALSE
	EndGlobalSection
	GlobalSection(ExtensibilityGlobals) = postSolution
		SolutionGuid = {D29FF1E9-55F9-4F93-B9F4-AD1745439BFE}
	EndGlobalSection
EndGlobal
